// !$*UTF8*$!
{
	archiveVersion = 1;
	classes = {
	};
	objectVersion = 50;
	objects = {

/* Begin PBXBuildFile section */
		AFFDAF142185ED0F0044BB7C /* AppDelegate.swift in Sources */ = {isa = PBXBuildFile; fileRef = AFFDAF132185ED0F0044BB7C /* AppDelegate.swift */; };
		AFFDAF162185ED0F0044BB7C /* ViewController.swift in Sources */ = {isa = PBXBuildFile; fileRef = AFFDAF152185ED0F0044BB7C /* ViewController.swift */; };
		AFFDAF192185ED0F0044BB7C /* Main.storyboard in Resources */ = {isa = PBXBuildFile; fileRef = AFFDAF172185ED0F0044BB7C /* Main.storyboard */; };
		AFFDAF1B2185ED110044BB7C /* Assets.xcassets in Resources */ = {isa = PBXBuildFile; fileRef = AFFDAF1A2185ED110044BB7C /* Assets.xcassets */; };
		AFFDAF1E2185ED110044BB7C /* LaunchScreen.storyboard in Resources */ = {isa = PBXBuildFile; fileRef = AFFDAF1C2185ED110044BB7C /* LaunchScreen.storyboard */; };
		AFFDAF262185F0DF0044BB7C /* CreateViewController.swift in Sources */ = {isa = PBXBuildFile; fileRef = AFFDAF252185F0DF0044BB7C /* CreateViewController.swift */; };
/* End PBXBuildFile section */

/* Begin PBXFileReference section */
		AFFDAF102185ED0F0044BB7C /* CreateMaruBatsuApp.app */ = {isa = PBXFileReference; explicitFileType = wrapper.application; includeInIndex = 0; path = CreateMaruBatsuApp.app; sourceTree = BUILT_PRODUCTS_DIR; };
		AFFDAF132185ED0F0044BB7C /* AppDelegate.swift */ = {isa = PBXFileReference; lastKnownFileType = sourcecode.swift; path = AppDelegate.swift; sourceTree = "<group>"; };
		AFFDAF152185ED0F0044BB7C /* ViewController.swift */ = {isa = PBXFileReference; lastKnownFileType = sourcecode.swift; path = ViewController.swift; sourceTree = "<group>"; };
		AFFDAF182185ED0F0044BB7C /* Base */ = {isa = PBXFileReference; lastKnownFileType = file.storyboard; name = Base; path = Base.lproj/Main.storyboard; sourceTree = "<group>"; };
		AFFDAF1A2185ED110044BB7C /* Assets.xcassets */ = {isa = PBXFileReference; lastKnownFileType = folder.assetcatalog; path = Assets.xcassets; sourceTree = "<group>"; };
		AFFDAF1D2185ED110044BB7C /* Base */ = {isa = PBXFileReference; lastKnownFileType = file.storyboard; name = Base; path = Base.lproj/LaunchScreen.storyboard; sourceTree = "<group>"; };
		AFFDAF1F2185ED110044BB7C /* Info.plist */ = {isa = PBXFileReference; lastKnownFileType = text.plist.xml; path = Info.plist; sourceTree = "<group>"; };
		AFFDAF252185F0DF0044BB7C /* CreateViewController.swift */ = {isa = PBXFileReference; lastKnownFileType = sourcecode.swift; path = CreateViewController.swift; sourceTree = "<group>"; };
/* End PBXFileReference section */

/* Begin PBXFrameworksBuildPhase section */
		AFFDAF0D2185ED0F0044BB7C /* Frameworks */ = {
			isa = PBXFrameworksBuildPhase;
			buildActionMask = 2147483647;
			files = (
			);
			runOnlyForDeploymentPostprocessing = 0;
		};
/* End PBXFrameworksBuildPhase section */

/* Begin PBXGroup section */
		AFFDAF072185ED0F0044BB7C = {
			isa = PBXGroup;
			children = (
				AFFDAF122185ED0F0044BB7C /* CreateMaruBatsuApp */,
				AFFDAF112185ED0F0044BB7C /* Products */,
			);
			sourceTree = "<group>";
		};
		AFFDAF112185ED0F0044BB7C /* Products */ = {
			isa = PBXGroup;
			children = (
				AFFDAF102185ED0F0044BB7C /* CreateMaruBatsuApp.app */,
			);
			name = Products;
			sourceTree = "<group>";
		};
		AFFDAF122185ED0F0044BB7C /* CreateMaruBatsuApp */ = {
			isa = PBXGroup;
			children = (
				AFFDAF132185ED0F0044BB7C /* AppDelegate.swift */,
				AFFDAF152185ED0F0044BB7C /* ViewController.swift */,
				AFFDAF252185F0DF0044BB7C /* CreateViewController.swift */,
				AFFDAF172185ED0F0044BB7C /* Main.storyboard */,
				AFFDAF1A2185ED110044BB7C /* Assets.xcassets */,
				AFFDAF1C2185ED110044BB7C /* LaunchScreen.storyboard */,
				AFFDAF1F2185ED110044BB7C /* Info.plist */,
			);
			path = CreateMaruBatsuApp;
			sourceTree = "<group>";
		};
/* End PBXGroup section */

/* Begin PBXNativeTarget section */
		AFFDAF0F2185ED0F0044BB7C /* CreateMaruBatsuApp */ = {
			isa = PBXNativeTarget;
			buildConfigurationList = AFFDAF222185ED110044BB7C /* Build configuration list for PBXNativeTarget "CreateMaruBatsuApp" */;
			buildPhases = (
				AFFDAF0C2185ED0F0044BB7C /* Sources */,
				AFFDAF0D2185ED0F0044BB7C /* Frameworks */,
				AFFDAF0E2185ED0F0044BB7C /* Resources */,
			);
			buildRules = (
			);
			dependencies = (
			);
			name = CreateMaruBatsuApp;
			productName = CreateMaruBatsuApp;
			productReference = AFFDAF102185ED0F0044BB7C /* CreateMaruBatsuApp.app */;
			productType = "com.apple.product-type.application";
		};
/* End PBXNativeTarget section */

/* Begin PBXProject section */
		AFFDAF082185ED0F0044BB7C /* Project object */ = {
			isa = PBXProject;
			attributes = {
				LastSwiftUpdateCheck = 1000;
				LastUpgradeCheck = 1000;
				ORGANIZATIONNAME = "工藤 響";
				TargetAttributes = {
					AFFDAF0F2185ED0F0044BB7C = {
						CreatedOnToolsVersion = 10.0;
					};
				};
			};
			buildConfigurationList = AFFDAF0B2185ED0F0044BB7C /* Build configuration list for PBXProject "CreateMaruBatsuApp" */;
			compatibilityVersion = "Xcode 9.3";
			developmentRegion = en;
			hasScannedForEncodings = 0;
			knownRegions = (
				en,
				Base,
			);
			mainGroup = AFFDAF072185ED0F0044BB7C;
			productRefGroup = AFFDAF112185ED0F0044BB7C /* Products */;
			projectDirPath = "";
			projectRoot = "";
			targets = (
				AFFDAF0F2185ED0F0044BB7C /* CreateMaruBatsuApp */,
			);
		};
/* End PBXProject section */

/* Begin PBXResourcesBuildPhase section */
		AFFDAF0E2185ED0F0044BB7C /* Resources */ = {
			isa = PBXResourcesBuildPhase;
			buildActionMask = 2147483647;
			files = (
				AFFDAF1E2185ED110044BB7C /* LaunchScreen.storyboard in Resources */,
				AFFDAF1B2185ED110044BB7C /* Assets.xcassets in Resources */,
				AFFDAF192185ED0F0044BB7C /* Main.storyboard in Resources */,
			);
			runOnlyForDeploymentPostprocessing = 0;
		};
/* End PBXResourcesBuildPhase section */

/* Begin PBXSourcesBuildPhase section */
		AFFDAF0C2185ED0F0044BB7C /* Sources */ = {
			isa = PBXSourcesBuildPhase;
			buildActionMask = 2147483647;
			files = (
				AFFDAF162185ED0F0044BB7C /* ViewController.swift in Sources */,
				AFFDAF142185ED0F0044BB7C /* AppDelegate.swift in Sources */,
				AFFDAF262185F0DF0044BB7C /* CreateViewController.swift in Sources */,
			);
			runOnlyForDeploymentPostprocessing = 0;
		};
/* End PBXSourcesBuildPhase section */

/* Begin PBXVariantGroup section */
		AFFDAF172185ED0F0044BB7C /* Main.storyboard */ = {
			isa = PBXVariantGroup;
			children = (
				AFFDAF182185ED0F0044BB7C /* Base */,
			);
			name = Main.storyboard;
			sourceTree = "<group>";
		};
		AFFDAF1C2185ED110044BB7C /* LaunchScreen.storyboard */ = {
			isa = PBXVariantGroup;
			children = (
				AFFDAF1D2185ED110044BB7C /* Base */,
			);
			name = LaunchScreen.storyboard;
			sourceTree = "<group>";
		};
/* End PBXVariantGroup section */

/* Begin XCBuildConfiguration section */
		AFFDAF202185ED110044BB7C /* Debug */ = {
			isa = XCBuildConfiguration;
			buildSettings = {
				ALWAYS_SEARCH_USER_PATHS = NO;
				CLANG_ANALYZER_NONNULL = YES;
				CLANG_ANALYZER_NUMBER_OBJECT_CONVERSION = YES_AGGRESSIVE;
				CLANG_CXX_LANGUAGE_STANDARD = "gnu++14";
				CLANG_CXX_LIBRARY = "libc++";
				CLANG_ENABLE_MODULES = YES;
				CLANG_ENABLE_OBJC_ARC = YES;
				CLANG_ENABLE_OBJC_WEAK = YES;
				CLANG_WARN_BLOCK_CAPTURE_AUTORELEASING = YES;
				CLANG_WARN_BOOL_CONVERSION = YES;
				CLANG_WARN_COMMA = YES;
				CLANG_WARN_CONSTANT_CONVERSION = YES;
				CLANG_WARN_DEPRECATED_OBJC_IMPLEMENTATIONS = YES;
				CLANG_WARN_DIRECT_OBJC_ISA_USAGE = YES_ERROR;
				CLANG_WARN_DOCUMENTATION_COMMENTS = YES;
				CLANG_WARN_EMPTY_BODY = YES;
				CLANG_WARN_ENUM_CONVERSION = YES;
				CLANG_WARN_INFINITE_RECURSION = YES;
				CLANG_WARN_INT_CONVERSION = YES;
				CLANG_WARN_NON_LITERAL_NULL_CONVERSION = YES;
				CLANG_WARN_OBJC_IMPLICIT_RETAIN_SELF = YES;
				CLANG_WARN_OBJC_LITERAL_CONVERSION = YES;
				CLANG_WARN_OBJC_ROOT_CLASS = YES_ERROR;
				CLANG_WARN_RANGE_LOOP_ANALYSIS = YES;
				CLANG_WARN_STRICT_PROTOTYPES = YES;
				CLANG_WARN_SUSPICIOUS_MOVE = YES;
				CLANG_WARN_UNGUARDED_AVAILABILITY = YES_AGGRESSIVE;
				CLANG_WARN_UNREACHABLE_CODE = YES;
				CLANG_WARN__DUPLICATE_METHOD_MATCH = YES;
				CODE_SIGN_IDENTITY = "iPhone Developer";
				COPY_PHASE_STRIP = NO;
				DEBUG_INFORMATION_FORMAT = dwarf;
				ENABLE_STRICT_OBJC_MSGSEND = YES;
				ENABLE_TESTABILITY = YES;
				GCC_C_LANGUAGE_STANDARD = gnu11;
				GCC_DYNAMIC_NO_PIC = NO;
				GCC_NO_COMMON_BLOCKS = YES;
				GCC_OPTIMIZATION_LEVEL = 0;
				GCC_PREPROCESSOR_DEFINITIONS = (
					"DEBUG=1",
					"$(inherited)",
				);
				GCC_WARN_64_TO_32_BIT_CONVERSION = YES;
				GCC_WARN_ABOUT_RETURN_TYPE = YES_ERROR;
				GCC_WARN_UNDECLARED_SELECTOR = YES;
				GCC_WARN_UNINITIALIZED_AUTOS = YES_AGGRESSIVE;
				GCC_WARN_UNUSED_FUNCTION = YES;
				GCC_WARN_UNUSED_VARIABLE = YES;
				IPHONEOS_DEPLOYMENT_TARGET = 12.0;
				MTL_ENABLE_DEBUG_INFO = INCLUDE_SOURCE;
				MTL_FAST_MATH = YES;
				ONLY_ACTIVE_ARCH = YES;
				SDKROOT = iphoneos;
				SWIFT_ACTIVE_COMPILATION_CONDITIONS = DEBUG;
				SWIFT_OPTIMIZATION_LEVEL = "-Onone";
			};
			name = Debug;
		};
		AFFDAF212185ED110044BB7C /* Release */ = {
			isa = XCBuildConfiguration;
			buildSettings = {
				ALWAYS_SEARCH_USER_PATHS = NO;
				CLANG_ANALYZER_NONNULL = YES;
				CLANG_ANALYZER_NUMBER_OBJECT_CONVERSION = YES_AGGRESSIVE;
				CLANG_CXX_LANGUAGE_STANDARD = "gnu++14";
				CLANG_CXX_LIBRARY = "libc++";
				CLANG_ENABLE_MODULES = YES;
				CLANG_ENABLE_OBJC_ARC = YES;
				CLANG_ENABLE_OBJC_WEAK = YES;
				CLANG_WARN_BLOCK_CAPTURE_AUTORELEASING = YES;
				CLANG_WARN_BOOL_CONVERSION = YES;
				CLANG_WARN_COMMA = YES;
				CLANG_WARN_CONSTANT_CONVERSION = YES;
				CLANG_WARN_DEPRECATED_OBJC_IMPLEMENTATIONS = YES;
				CLANG_WARN_DIRECT_OBJC_ISA_USAGE = YES_ERROR;
				CLANG_WARN_DOCUMENTATION_COMMENTS = YES;
				CLANG_WARN_EMPTY_BODY = YES;
				CLANG_WARN_ENUM_CONVERSION = YES;
				CLANG_WARN_INFINITE_RECURSION = YES;
				CLANG_WARN_INT_CONVERSION = YES;
				CLANG_WARN_NON_LITERAL_NULL_CONVERSION = YES;
				CLANG_WARN_OBJC_IMPLICIT_RETAIN_SELF = YES;
				CLANG_WARN_OBJC_LITERAL_CONVERSION = YES;
				CLANG_WARN_OBJC_ROOT_CLASS = YES_ERROR;
				CLANG_WARN_RANGE_LOOP_ANALYSIS = YES;
				CLANG_WARN_STRICT_PROTOTYPES = YES;
				CLANG_WARN_SUSPICIOUS_MOVE = YES;
				CLANG_WARN_UNGUARDED_AVAILABILITY = YES_AGGRESSIVE;
				CLANG_WARN_UNREACHABLE_CODE = YES;
				CLANG_WARN__DUPLICATE_METHOD_MATCH = YES;
				CODE_SIGN_IDENTITY = "iPhone Developer";
				COPY_PHASE_STRIP = NO;
				DEBUG_INFORMATION_FORMAT = "dwarf-with-dsym";
				ENABLE_NS_ASSERTIONS = NO;
				ENABLE_STRICT_OBJC_MSGSEND = YES;
				GCC_C_LANGUAGE_STANDARD = gnu11;
				GCC_NO_COMMON_BLOCKS = YES;
				GCC_WARN_64_TO_32_BIT_CONVERSION = YES;
				GCC_WARN_ABOUT_RETURN_TYPE = YES_ERROR;
				GCC_WARN_UNDECLARED_SELECTOR = YES;
				GCC_WARN_UNINITIALIZED_AUTOS = YES_AGGRESSIVE;
				GCC_WARN_UNUSED_FUNCTION = YES;
				GCC_WARN_UNUSED_VARIABLE = YES;
				IPHONEOS_DEPLOYMENT_TARGET = 12.0;
				MTL_ENABLE_DEBUG_INFO = NO;
				MTL_FAST_MATH = YES;
				SDKROOT = iphoneos;
				SWIFT_COMPILATION_MODE = wholemodule;
				SWIFT_OPTIMIZATION_LEVEL = "-O";
				VALIDATE_PRODUCT = YES;
			};
			name = Release;
		};
		AFFDAF232185ED110044BB7C /* Debug */ = {
			isa = XCBuildConfiguration;
			buildSettings = {
				ASSETCATALOG_COMPILER_APPICON_NAME = AppIcon;
				CODE_SIGN_STYLE = Automatic;
				DEVELOPMENT_TEAM = JS8A99VK57;
				INFOPLIST_FILE = CreateMaruBatsuApp/Info.plist;
				LD_RUNPATH_SEARCH_PATHS = (
					"$(inherited)",
					"@executable_path/Frameworks",
				);
				PRODUCT_BUNDLE_IDENTIFIER = hibiki.CreateMaruBatsuApp;
				PRODUCT_NAME = "$(TARGET_NAME)";
				SWIFT_VERSION = 4.2;
				TARGETED_DEVICE_FAMILY = "1,2";
			};
			name = Debug;
		};
		AFFDAF242185ED110044BB7C /* Release */ = {
			isa = XCBuildConfiguration;
			buildSettings = {
				ASSETCATALOG_COMPILER_APPICON_NAME = AppIcon;
				CODE_SIGN_STYLE = Automatic;
				DEVELOPMENT_TEAM = JS8A99VK57;
				INFOPLIST_FILE = CreateMaruBatsuApp/Info.plist;
				LD_RUNPATH_SEARCH_PATHS = (
					"$(inherited)",
					"@executable_path/Frameworks",
				);
				PRODUCT_BUNDLE_IDENTIFIER = hibiki.CreateMaruBatsuApp;
				PRODUCT_NAME = "$(TARGET_NAME)";
				SWIFT_VERSION = 4.2;
				TARGETED_DEVICE_FAMILY = "1,2";
			};
			name = Release;
		};
/* End XCBuildConfiguration section */

/* Begin XCConfigurationList section */
		AFFDAF0B2185ED0F0044BB7C /* Build configuration list for PBXProject "CreateMaruBatsuApp" */ = {
			isa = XCConfigurationList;
			buildConfigurations = (
				AFFDAF202185ED110044BB7C /* Debug */,
				AFFDAF212185ED110044BB7C /* Release */,
			);
			defaultConfigurationIsVisible = 0;
			defaultConfigurationName = Release;
		};
		AFFDAF222185ED110044BB7C /* Build configuration list for PBXNativeTarget "CreateMaruBatsuApp" */ = {
			isa = XCConfigurationList;
			buildConfigurations = (
				AFFDAF232185ED110044BB7C /* Debug */,
				AFFDAF242185ED110044BB7C /* Release */,
			);
			defaultConfigurationIsVisible = 0;
			defaultConfigurationName = Release;
		};
/* End XCConfigurationList section */
	};
	rootObject = AFFDAF082185ED0F0044BB7C /* Project object */;
}
